
Microsoft Visual Studio Solution File, Format Version 12.00
# Visual Studio 2013
VisualStudioVersion = 12.0.31101.0
MinimumVisualStudioVersion = 10.0.40219.1
Project("{FAE04EC0-301F-11D3-BF4B-00C04F79EFBC}") = "PrettyBots.Visitors", "TiebaMonitor\PrettyBots.Visitors.csproj", "{29478543-B265-45B1-99BF-4EB4E2EDBCDF}"
EndProject
Project("{FAE04EC0-301F-11D3-BF4B-00C04F79EFBC}") = "TiebaMonitor.Interactive", "TiebaMonitor.Interactive\TiebaMonitor.Interactive.csproj", "{3E6A27F5-D1F6-44A5-94FC-B8B9619473F2}"
EndProject
Project("{FAE04EC0-301F-11D3-BF4B-00C04F79EFBC}") = "UnitTestProject1", "UnitTestProject1\UnitTestProject1.csproj", "{6C10FADC-BC23-4389-AA83-BE8E265CF6A2}"
EndProject
Project("{FAE04EC0-301F-11D3-BF4B-00C04F79EFBC}") = "BaiduInteractive", "BaiduInteractive\BaiduInteractive.csproj", "{D8567B45-E972-4360-866E-5C85D392C927}"
EndProject
Project("{2150E333-8FDC-42A3-9474-1A3956D46DE8}") = "Solution Files", "Solution Files", "{3ED9677F-8B22-4B5C-8A7A-C339F1797346}"
EndProject
Project("{FAE04EC0-301F-11D3-BF4B-00C04F79EFBC}") = "PrettyBots.Strategies", "PrettyBots.Strategies\PrettyBots.Strategies.csproj", "{BF5434C2-C8C9-4C64-A4FC-3B652CB41679}"
EndProject
Project("{FAE04EC0-301F-11D3-BF4B-00C04F79EFBC}") = "PBRepositoryManager", "PBRepositoryManager\PBRepositoryManager.csproj", "{AD14FBA3-82FC-4AD2-BDAD-9E1BD910BB8A}"
EndProject
Global
	GlobalSection(SolutionConfigurationPlatforms) = preSolution
		Debug|Any CPU = Debug|Any CPU
		Release|Any CPU = Release|Any CPU
	EndGlobalSection
	GlobalSection(ProjectConfigurationPlatforms) = postSolution
		{29478543-B265-45B1-99BF-4EB4E2EDBCDF}.Debug|Any CPU.ActiveCfg = Debug|Any CPU
		{29478543-B265-45B1-99BF-4EB4E2EDBCDF}.Debug|Any CPU.Build.0 = Debug|Any CPU
		{29478543-B265-45B1-99BF-4EB4E2EDBCDF}.Release|Any CPU.ActiveCfg = Release|Any CPU
		{29478543-B265-45B1-99BF-4EB4E2EDBCDF}.Release|Any CPU.Build.0 = Release|Any CPU
		{3E6A27F5-D1F6-44A5-94FC-B8B9619473F2}.Debug|Any CPU.ActiveCfg = Debug|Any CPU
		{3E6A27F5-D1F6-44A5-94FC-B8B9619473F2}.Debug|Any CPU.Build.0 = Debug|Any CPU
		{3E6A27F5-D1F6-44A5-94FC-B8B9619473F2}.Release|Any CPU.ActiveCfg = Release|Any CPU
		{3E6A27F5-D1F6-44A5-94FC-B8B9619473F2}.Release|Any CPU.Build.0 = Release|Any CPU
		{6C10FADC-BC23-4389-AA83-BE8E265CF6A2}.Debug|Any CPU.ActiveCfg = Debug|Any CPU
		{6C10FADC-BC23-4389-AA83-BE8E265CF6A2}.Debug|Any CPU.Build.0 = Debug|Any CPU
		{6C10FADC-BC23-4389-AA83-BE8E265CF6A2}.Release|Any CPU.ActiveCfg = Release|Any CPU
		{6C10FADC-BC23-4389-AA83-BE8E265CF6A2}.Release|Any CPU.Build.0 = Release|Any CPU
		{D8567B45-E972-4360-866E-5C85D392C927}.Debug|Any CPU.ActiveCfg = Debug|Any CPU
		{D8567B45-E972-4360-866E-5C85D392C927}.Debug|Any CPU.Build.0 = Debug|Any CPU
		{D8567B45-E972-4360-866E-5C85D392C927}.Release|Any CPU.ActiveCfg = Release|Any CPU
		{D8567B45-E972-4360-866E-5C85D392C927}.Release|Any CPU.Build.0 = Release|Any CPU
		{BF5434C2-C8C9-4C64-A4FC-3B652CB41679}.Debug|Any CPU.ActiveCfg = Debug|Any CPU
		{BF5434C2-C8C9-4C64-A4FC-3B652CB41679}.Debug|Any CPU.Build.0 = Debug|Any CPU
		{BF5434C2-C8C9-4C64-A4FC-3B652CB41679}.Release|Any CPU.ActiveCfg = Release|Any CPU
		{BF5434C2-C8C9-4C64-A4FC-3B652CB41679}.Release|Any CPU.Build.0 = Release|Any CPU
		{AD14FBA3-82FC-4AD2-BDAD-9E1BD910BB8A}.Debug|Any CPU.ActiveCfg = Debug|Any CPU
		{AD14FBA3-82FC-4AD2-BDAD-9E1BD910BB8A}.Debug|Any CPU.Build.0 = Debug|Any CPU
		{AD14FBA3-82FC-4AD2-BDAD-9E1BD910BB8A}.Release|Any CPU.ActiveCfg = Release|Any CPU
		{AD14FBA3-82FC-4AD2-BDAD-9E1BD910BB8A}.Release|Any CPU.Build.0 = Release|Any CPU
	EndGlobalSection
	GlobalSection(SolutionProperties) = preSolution
		HideSolutionNode = FALSE
	EndGlobalSection
EndGlobal
